// !$*UTF8*$!
{
	archiveVersion = 1;
	classes = {
	};
	objectVersion = 46;
	objects = {

/* Begin PBXBuildFile section */
		1F022CD61ADD581F00325F3C /* VZRootViewController.m in Sources */ = {isa = PBXBuildFile; fileRef = 1F022CD51ADD581F00325F3C /* VZRootViewController.m */; };
		458F32BE214770B5003AA736 /* VZInspectorUITests.m in Sources */ = {isa = PBXBuildFile; fileRef = 458F32BD214770B5003AA736 /* VZInspectorUITests.m */; };
		45DCAE5C1ADEC05F00A26E01 /* QuartzCore.framework in Frameworks */ = {isa = PBXBuildFile; fileRef = 45DCAE5A1ADEC04D00A26E01 /* QuartzCore.framework */; };
		45DCAE5D1ADEC05F00A26E01 /* UIKit.framework in Frameworks */ = {isa = PBXBuildFile; fileRef = 45DCAE581ADEC04900A26E01 /* UIKit.framework */; };
		45DCAE5E1ADEC05F00A26E01 /* CoreGraphics.framework in Frameworks */ = {isa = PBXBuildFile; fileRef = 45DCAE561ADEC04300A26E01 /* CoreGraphics.framework */; };
		45DCAE5F1ADEC05F00A26E01 /* Foundation.framework in Frameworks */ = {isa = PBXBuildFile; fileRef = 45DCAE541ADEC03E00A26E01 /* Foundation.framework */; };
		45DCAE601ADEC05F00A26E01 /* libz.dylib in Frameworks */ = {isa = PBXBuildFile; fileRef = 45DCAE521ADEC03A00A26E01 /* libz.dylib */; };
		AF0FC50D19D11C66009CCBE4 /* main.m in Sources */ = {isa = PBXBuildFile; fileRef = AF0FC50C19D11C66009CCBE4 /* main.m */; };
		AF0FC51019D11C66009CCBE4 /* AppDelegate.m in Sources */ = {isa = PBXBuildFile; fileRef = AF0FC50F19D11C66009CCBE4 /* AppDelegate.m */; };
		AF0FC51619D11C66009CCBE4 /* Main.storyboard in Resources */ = {isa = PBXBuildFile; fileRef = AF0FC51419D11C66009CCBE4 /* Main.storyboard */; };
		AF0FC51819D11C66009CCBE4 /* Images.xcassets in Resources */ = {isa = PBXBuildFile; fileRef = AF0FC51719D11C66009CCBE4 /* Images.xcassets */; };
		AF0FC51B19D11C66009CCBE4 /* LaunchScreen.xib in Resources */ = {isa = PBXBuildFile; fileRef = AF0FC51919D11C66009CCBE4 /* LaunchScreen.xib */; };
		D7B8AC58A3CB113947AAB6BE /* Pods_VZInspector.framework in Frameworks */ = {isa = PBXBuildFile; fileRef = 00E1806A615ED1749555DD3F /* Pods_VZInspector.framework */; };
/* End PBXBuildFile section */

/* Begin PBXContainerItemProxy section */
		458F32C0214770B5003AA736 /* PBXContainerItemProxy */ = {
			isa = PBXContainerItemProxy;
			containerPortal = AF0FC4FF19D11C66009CCBE4 /* Project object */;
			proxyType = 1;
			remoteGlobalIDString = AF0FC50619D11C66009CCBE4;
			remoteInfo = VZInspector;
		};
/* End PBXContainerItemProxy section */

/* Begin PBXFileReference section */
		00E1806A615ED1749555DD3F /* Pods_VZInspector.framework */ = {isa = PBXFileReference; explicitFileType = wrapper.framework; includeInIndex = 0; path = Pods_VZInspector.framework; sourceTree = BUILT_PRODUCTS_DIR; };
		05F50B46CABB1623D3DEE617 /* Pods-VZInspector.debug.xcconfig */ = {isa = PBXFileReference; includeInIndex = 1; lastKnownFileType = text.xcconfig; name = "Pods-VZInspector.debug.xcconfig"; path = "Pods/Target Support Files/Pods-VZInspector/Pods-VZInspector.debug.xcconfig"; sourceTree = "<group>"; };
		1F022CD41ADD581F00325F3C /* VZRootViewController.h */ = {isa = PBXFileReference; fileEncoding = 4; lastKnownFileType = sourcecode.c.h; path = VZRootViewController.h; sourceTree = "<group>"; };
		1F022CD51ADD581F00325F3C /* VZRootViewController.m */ = {isa = PBXFileReference; fileEncoding = 4; lastKnownFileType = sourcecode.c.objc; path = VZRootViewController.m; sourceTree = "<group>"; };
		458F32BB214770B5003AA736 /* VZInspectorUITests.xctest */ = {isa = PBXFileReference; explicitFileType = wrapper.cfbundle; includeInIndex = 0; path = VZInspectorUITests.xctest; sourceTree = BUILT_PRODUCTS_DIR; };
		458F32BD214770B5003AA736 /* VZInspectorUITests.m */ = {isa = PBXFileReference; lastKnownFileType = sourcecode.c.objc; path = VZInspectorUITests.m; sourceTree = "<group>"; };
		458F32BF214770B5003AA736 /* Info.plist */ = {isa = PBXFileReference; lastKnownFileType = text.plist.xml; path = Info.plist; sourceTree = "<group>"; };
		45DCAE521ADEC03A00A26E01 /* libz.dylib */ = {isa = PBXFileReference; lastKnownFileType = "compiled.mach-o.dylib"; name = libz.dylib; path = usr/lib/libz.dylib; sourceTree = SDKROOT; };
		45DCAE541ADEC03E00A26E01 /* Foundation.framework */ = {isa = PBXFileReference; lastKnownFileType = wrapper.framework; name = Foundation.framework; path = System/Library/Frameworks/Foundation.framework; sourceTree = SDKROOT; };
		45DCAE561ADEC04300A26E01 /* CoreGraphics.framework */ = {isa = PBXFileReference; lastKnownFileType = wrapper.framework; name = CoreGraphics.framework; path = System/Library/Frameworks/CoreGraphics.framework; sourceTree = SDKROOT; };
		45DCAE581ADEC04900A26E01 /* UIKit.framework */ = {isa = PBXFileReference; lastKnownFileType = wrapper.framework; name = UIKit.framework; path = System/Library/Frameworks/UIKit.framework; sourceTree = SDKROOT; };
		45DCAE5A1ADEC04D00A26E01 /* QuartzCore.framework */ = {isa = PBXFileReference; lastKnownFileType = wrapper.framework; name = QuartzCore.framework; path = System/Library/Frameworks/QuartzCore.framework; sourceTree = SDKROOT; };
		AF0FC50719D11C66009CCBE4 /* VZInspector.app */ = {isa = PBXFileReference; explicitFileType = wrapper.application; includeInIndex = 0; path = VZInspector.app; sourceTree = BUILT_PRODUCTS_DIR; };
		AF0FC50B19D11C66009CCBE4 /* Info.plist */ = {isa = PBXFileReference; lastKnownFileType = text.plist.xml; path = Info.plist; sourceTree = "<group>"; };
		AF0FC50C19D11C66009CCBE4 /* main.m */ = {isa = PBXFileReference; lastKnownFileType = sourcecode.c.objc; path = main.m; sourceTree = "<group>"; };
		AF0FC50E19D11C66009CCBE4 /* AppDelegate.h */ = {isa = PBXFileReference; lastKnownFileType = sourcecode.c.h; path = AppDelegate.h; sourceTree = "<group>"; };
		AF0FC50F19D11C66009CCBE4 /* AppDelegate.m */ = {isa = PBXFileReference; lastKnownFileType = sourcecode.c.objc; path = AppDelegate.m; sourceTree = "<group>"; };
		AF0FC51519D11C66009CCBE4 /* Base */ = {isa = PBXFileReference; lastKnownFileType = file.storyboard; name = Base; path = Base.lproj/Main.storyboard; sourceTree = "<group>"; };
		AF0FC51719D11C66009CCBE4 /* Images.xcassets */ = {isa = PBXFileReference; lastKnownFileType = folder.assetcatalog; path = Images.xcassets; sourceTree = "<group>"; };
		AF0FC51A19D11C66009CCBE4 /* Base */ = {isa = PBXFileReference; lastKnownFileType = file.xib; name = Base; path = Base.lproj/LaunchScreen.xib; sourceTree = "<group>"; };
		AF1A3B041A344431003C38E8 /* VZInspector.pch */ = {isa = PBXFileReference; fileEncoding = 4; lastKnownFileType = sourcecode.c.h; path = VZInspector.pch; sourceTree = SOURCE_ROOT; };
		BF1B111F8B0FE7A36EDD9178 /* Pods-VZInspector.release.xcconfig */ = {isa = PBXFileReference; includeInIndex = 1; lastKnownFileType = text.xcconfig; name = "Pods-VZInspector.release.xcconfig"; path = "Pods/Target Support Files/Pods-VZInspector/Pods-VZInspector.release.xcconfig"; sourceTree = "<group>"; };
/* End PBXFileReference section */

/* Begin PBXFrameworksBuildPhase section */
		458F32B8214770B5003AA736 /* Frameworks */ = {
			isa = PBXFrameworksBuildPhase;
			buildActionMask = 2147483647;
			files = (
			);
			runOnlyForDeploymentPostprocessing = 0;
		};
		AF0FC50419D11C66009CCBE4 /* Frameworks */ = {
			isa = PBXFrameworksBuildPhase;
			buildActionMask = 2147483647;
			files = (
				45DCAE5C1ADEC05F00A26E01 /* QuartzCore.framework in Frameworks */,
				45DCAE5D1ADEC05F00A26E01 /* UIKit.framework in Frameworks */,
				45DCAE5E1ADEC05F00A26E01 /* CoreGraphics.framework in Frameworks */,
				45DCAE5F1ADEC05F00A26E01 /* Foundation.framework in Frameworks */,
				45DCAE601ADEC05F00A26E01 /* libz.dylib in Frameworks */,
				D7B8AC58A3CB113947AAB6BE /* Pods_VZInspector.framework in Frameworks */,
			);
			runOnlyForDeploymentPostprocessing = 0;
		};
/* End PBXFrameworksBuildPhase section */

/* Begin PBXGroup section */
		0FACA3B66AC16F3E7CEB0EB3 /* Pods */ = {
			isa = PBXGroup;
			children = (
				05F50B46CABB1623D3DEE617 /* Pods-VZInspector.debug.xcconfig */,
				BF1B111F8B0FE7A36EDD9178 /* Pods-VZInspector.release.xcconfig */,
			);
			name = Pods;
			sourceTree = "<group>";
		};
		458F32BC214770B5003AA736 /* VZInspectorUITests */ = {
			isa = PBXGroup;
			children = (
				458F32BD214770B5003AA736 /* VZInspectorUITests.m */,
				458F32BF214770B5003AA736 /* Info.plist */,
			);
			path = VZInspectorUITests;
			sourceTree = "<group>";
		};
		45DCAE511ADEC02500A26E01 /* Frameworks */ = {
			isa = PBXGroup;
			children = (
				45DCAE5A1ADEC04D00A26E01 /* QuartzCore.framework */,
				45DCAE581ADEC04900A26E01 /* UIKit.framework */,
				45DCAE561ADEC04300A26E01 /* CoreGraphics.framework */,
				45DCAE541ADEC03E00A26E01 /* Foundation.framework */,
				45DCAE521ADEC03A00A26E01 /* libz.dylib */,
			);
			name = Frameworks;
			sourceTree = "<group>";
		};
		AF0FC4FE19D11C66009CCBE4 = {
			isa = PBXGroup;
			children = (
				AF0FC50919D11C66009CCBE4 /* VZInspector */,
				458F32BC214770B5003AA736 /* VZInspectorUITests */,
				AF0FC50819D11C66009CCBE4 /* Products */,
				DBDCC9F96A81535B825E3DAD /* Frameworks */,
				0FACA3B66AC16F3E7CEB0EB3 /* Pods */,
			);
			sourceTree = "<group>";
		};
		AF0FC50819D11C66009CCBE4 /* Products */ = {
			isa = PBXGroup;
			children = (
				AF0FC50719D11C66009CCBE4 /* VZInspector.app */,
				458F32BB214770B5003AA736 /* VZInspectorUITests.xctest */,
			);
			name = Products;
			sourceTree = "<group>";
		};
		AF0FC50919D11C66009CCBE4 /* VZInspector */ = {
			isa = PBXGroup;
			children = (
				AF0FC50E19D11C66009CCBE4 /* AppDelegate.h */,
				AF0FC50F19D11C66009CCBE4 /* AppDelegate.m */,
				1F022CD41ADD581F00325F3C /* VZRootViewController.h */,
				1F022CD51ADD581F00325F3C /* VZRootViewController.m */,
				AF0FC51419D11C66009CCBE4 /* Main.storyboard */,
				AF0FC51719D11C66009CCBE4 /* Images.xcassets */,
				AF0FC51919D11C66009CCBE4 /* LaunchScreen.xib */,
				45DCAE511ADEC02500A26E01 /* Frameworks */,
				AF0FC50A19D11C66009CCBE4 /* Supporting Files */,
			);
			path = VZInspector;
			sourceTree = "<group>";
		};
		AF0FC50A19D11C66009CCBE4 /* Supporting Files */ = {
			isa = PBXGroup;
			children = (
				AF1A3B041A344431003C38E8 /* VZInspector.pch */,
				AF0FC50B19D11C66009CCBE4 /* Info.plist */,
				AF0FC50C19D11C66009CCBE4 /* main.m */,
			);
			name = "Supporting Files";
			sourceTree = "<group>";
		};
		DBDCC9F96A81535B825E3DAD /* Frameworks */ = {
			isa = PBXGroup;
			children = (
				00E1806A615ED1749555DD3F /* Pods_VZInspector.framework */,
			);
			name = Frameworks;
			sourceTree = "<group>";
		};
/* End PBXGroup section */

/* Begin PBXNativeTarget section */
		458F32BA214770B5003AA736 /* VZInspectorUITests */ = {
			isa = PBXNativeTarget;
			buildConfigurationList = 458F32C2214770B5003AA736 /* Build configuration list for PBXNativeTarget "VZInspectorUITests" */;
			buildPhases = (
				458F32B7214770B5003AA736 /* Sources */,
				458F32B8214770B5003AA736 /* Frameworks */,
				458F32B9214770B5003AA736 /* Resources */,
			);
			buildRules = (
			);
			dependencies = (
				458F32C1214770B5003AA736 /* PBXTargetDependency */,
			);
			name = VZInspectorUITests;
			productName = VZInspectorUITests;
			productReference = 458F32BB214770B5003AA736 /* VZInspectorUITests.xctest */;
			productType = "com.apple.product-type.bundle.ui-testing";
		};
		AF0FC50619D11C66009CCBE4 /* VZInspector */ = {
			isa = PBXNativeTarget;
			buildConfigurationList = AF0FC52A19D11C66009CCBE4 /* Build configuration list for PBXNativeTarget "VZInspector" */;
			buildPhases = (
				9015DE918961BDFF156FADD9 /* [CP] Check Pods Manifest.lock */,
				AF0FC50319D11C66009CCBE4 /* Sources */,
				AF0FC50419D11C66009CCBE4 /* Frameworks */,
				AF0FC50519D11C66009CCBE4 /* Resources */,
				8F2071C4985F4775D080825A /* [CP] Embed Pods Frameworks */,
			);
			buildRules = (
			);
			dependencies = (
			);
			name = VZInspector;
			productName = VZInspector;
			productReference = AF0FC50719D11C66009CCBE4 /* VZInspector.app */;
			productType = "com.apple.product-type.application";
		};
/* End PBXNativeTarget section */

/* Begin PBXProject section */
		AF0FC4FF19D11C66009CCBE4 /* Project object */ = {
			isa = PBXProject;
			attributes = {
				LastUpgradeCheck = 0940;
				ORGANIZATIONNAME = VizLab;
				TargetAttributes = {
					458F32BA214770B5003AA736 = {
						CreatedOnToolsVersion = 9.4.1;
						DevelopmentTeam = GW8XWHWQR7;
						ProvisioningStyle = Automatic;
						TestTargetID = AF0FC50619D11C66009CCBE4;
					};
					AF0FC50619D11C66009CCBE4 = {
						CreatedOnToolsVersion = 6.0.1;
					};
				};
			};
			buildConfigurationList = AF0FC50219D11C66009CCBE4 /* Build configuration list for PBXProject "VZInspector" */;
			compatibilityVersion = "Xcode 3.2";
			developmentRegion = English;
			hasScannedForEncodings = 0;
			knownRegions = (
				en,
				Base,
			);
			mainGroup = AF0FC4FE19D11C66009CCBE4;
			productRefGroup = AF0FC50819D11C66009CCBE4 /* Products */;
			projectDirPath = "";
			projectRoot = "";
			targets = (
				AF0FC50619D11C66009CCBE4 /* VZInspector */,
				458F32BA214770B5003AA736 /* VZInspectorUITests */,
			);
		};
/* End PBXProject section */

/* Begin PBXResourcesBuildPhase section */
		458F32B9214770B5003AA736 /* Resources */ = {
			isa = PBXResourcesBuildPhase;
			buildActionMask = 2147483647;
			files = (
			);
			runOnlyForDeploymentPostprocessing = 0;
		};
		AF0FC50519D11C66009CCBE4 /* Resources */ = {
			isa = PBXResourcesBuildPhase;
			buildActionMask = 2147483647;
			files = (
				AF0FC51619D11C66009CCBE4 /* Main.storyboard in Resources */,
				AF0FC51B19D11C66009CCBE4 /* LaunchScreen.xib in Resources */,
				AF0FC51819D11C66009CCBE4 /* Images.xcassets in Resources */,
			);
			runOnlyForDeploymentPostprocessing = 0;
		};
/* End PBXResourcesBuildPhase section */

/* Begin PBXShellScriptBuildPhase section */
		8F2071C4985F4775D080825A /* [CP] Embed Pods Frameworks */ = {
			isa = PBXShellScriptBuildPhase;
			buildActionMask = 2147483647;
			files = (
			);
			inputPaths = (
				"${SRCROOT}/Pods/Target Support Files/Pods-VZInspector/Pods-VZInspector-frameworks.sh",
				"${BUILT_PRODUCTS_DIR}/VZInspector/VZInspector.framework",
			);
			name = "[CP] Embed Pods Frameworks";
			outputPaths = (
				"${TARGET_BUILD_DIR}/${FRAMEWORKS_FOLDER_PATH}/VZInspector.framework",
			);
			runOnlyForDeploymentPostprocessing = 0;
			shellPath = /bin/sh;
			shellScript = "\"${SRCROOT}/Pods/Target Support Files/Pods-VZInspector/Pods-VZInspector-frameworks.sh\"\n";
			showEnvVarsInLog = 0;
		};
		9015DE918961BDFF156FADD9 /* [CP] Check Pods Manifest.lock */ = {
			isa = PBXShellScriptBuildPhase;
			buildActionMask = 2147483647;
			files = (
			);
			inputPaths = (
				"${PODS_PODFILE_DIR_PATH}/Podfile.lock",
				"${PODS_ROOT}/Manifest.lock",
			);
			name = "[CP] Check Pods Manifest.lock";
			outputPaths = (
				"$(DERIVED_FILE_DIR)/Pods-VZInspector-checkManifestLockResult.txt",
			);
			runOnlyForDeploymentPostprocessing = 0;
			shellPath = /bin/sh;
			shellScript = "diff \"${PODS_PODFILE_DIR_PATH}/Podfile.lock\" \"${PODS_ROOT}/Manifest.lock\" > /dev/null\nif [ $? != 0 ] ; then\n    # print error to STDERR\n    echo \"error: The sandbox is not in sync with the Podfile.lock. Run 'pod install' or update your CocoaPods installation.\" >&2\n    exit 1\nfi\n# This output is used by Xcode 'outputs' to avoid re-running this script phase.\necho \"SUCCESS\" > \"${SCRIPT_OUTPUT_FILE_0}\"\n";
			showEnvVarsInLog = 0;
		};
/* End PBXShellScriptBuildPhase section */

/* Begin PBXSourcesBuildPhase section */
		458F32B7214770B5003AA736 /* Sources */ = {
			isa = PBXSourcesBuildPhase;
			buildActionMask = 2147483647;
			files = (
				458F32BE214770B5003AA736 /* VZInspectorUITests.m in Sources */,
			);
			runOnlyForDeploymentPostprocessing = 0;
		};
		AF0FC50319D11C66009CCBE4 /* Sources */ = {
			isa = PBXSourcesBuildPhase;
			buildActionMask = 2147483647;
			files = (
				1F022CD61ADD581F00325F3C /* VZRootViewController.m in Sources */,
				AF0FC51019D11C66009CCBE4 /* AppDelegate.m in Sources */,
				AF0FC50D19D11C66009CCBE4 /* main.m in Sources */,
			);
			runOnlyForDeploymentPostprocessing = 0;
		};
/* End PBXSourcesBuildPhase section */

/* Begin PBXTargetDependency section */
		458F32C1214770B5003AA736 /* PBXTargetDependency */ = {
			isa = PBXTargetDependency;
			target = AF0FC50619D11C66009CCBE4 /* VZInspector */;
			targetProxy = 458F32C0214770B5003AA736 /* PBXContainerItemProxy */;
		};
/* End PBXTargetDependency section */

/* Begin PBXVariantGroup section */
		AF0FC51419D11C66009CCBE4 /* Main.storyboard */ = {
			isa = PBXVariantGroup;
			children = (
				AF0FC51519D11C66009CCBE4 /* Base */,
			);
			name = Main.storyboard;
			sourceTree = "<group>";
		};
		AF0FC51919D11C66009CCBE4 /* LaunchScreen.xib */ = {
			isa = PBXVariantGroup;
			children = (
				AF0FC51A19D11C66009CCBE4 /* Base */,
			);
			name = LaunchScreen.xib;
			sourceTree = "<group>";
		};
/* End PBXVariantGroup section */

/* Begin XCBuildConfiguration section */
		458F32C3214770B5003AA736 /* Debug */ = {
			isa = XCBuildConfiguration;
			buildSettings = {
				CLANG_ANALYZER_NONNULL = YES;
				CLANG_ANALYZER_NUMBER_OBJECT_CONVERSION = YES_AGGRESSIVE;
				CLANG_CXX_LANGUAGE_STANDARD = "gnu++14";
				CLANG_ENABLE_OBJC_WEAK = YES;
				CLANG_WARN_DOCUMENTATION_COMMENTS = YES;
				CLANG_WARN_UNGUARDED_AVAILABILITY = YES_AGGRESSIVE;
				CODE_SIGN_IDENTITY = "iPhone Developer";
				CODE_SIGN_STYLE = Automatic;
				DEBUG_INFORMATION_FORMAT = dwarf;
				DEVELOPMENT_TEAM = GW8XWHWQR7;
				GCC_C_LANGUAGE_STANDARD = gnu11;
				INFOPLIST_FILE = VZInspectorUITests/Info.plist;
				IPHONEOS_DEPLOYMENT_TARGET = 11.4;
				LD_RUNPATH_SEARCH_PATHS = "$(inherited) @executable_path/Frameworks @loader_path/Frameworks";
				PRODUCT_BUNDLE_IDENTIFIER = com.xtao.me.VZInspectorUITests;
				PRODUCT_NAME = "$(TARGET_NAME)";
				TARGETED_DEVICE_FAMILY = "1,2";
				TEST_TARGET_NAME = VZInspector;
			};
			name = Debug;
		};
		458F32C4214770B5003AA736 /* Release */ = {
			isa = XCBuildConfiguration;
			buildSettings = {
				CLANG_ANALYZER_NONNULL = YES;
				CLANG_ANALYZER_NUMBER_OBJECT_CONVERSION = YES_AGGRESSIVE;
				CLANG_CXX_LANGUAGE_STANDARD = "gnu++14";
				CLANG_ENABLE_OBJC_WEAK = YES;
				CLANG_WARN_DOCUMENTATION_COMMENTS = YES;
				CLANG_WARN_UNGUARDED_AVAILABILITY = YES_AGGRESSIVE;
				CODE_SIGN_IDENTITY = "iPhone Developer";
				CODE_SIGN_STYLE = Automatic;
				COPY_PHASE_STRIP = NO;
				DEBUG_INFORMATION_FORMAT = "dwarf-with-dsym";
				DEVELOPMENT_TEAM = GW8XWHWQR7;
				GCC_C_LANGUAGE_STANDARD = gnu11;
				INFOPLIST_FILE = VZInspectorUITests/Info.plist;
				IPHONEOS_DEPLOYMENT_TARGET = 11.4;
				LD_RUNPATH_SEARCH_PATHS = "$(inherited) @executable_path/Frameworks @loader_path/Frameworks";
				PRODUCT_BUNDLE_IDENTIFIER = com.xtao.me.VZInspectorUITests;
				PRODUCT_NAME = "$(TARGET_NAME)";
				TARGETED_DEVICE_FAMILY = "1,2";
				TEST_TARGET_NAME = VZInspector;
			};
			name = Release;
		};
		AF0FC52819D11C66009CCBE4 /* Debug */ = {
			isa = XCBuildConfiguration;
			buildSettings = {
				ALWAYS_SEARCH_USER_PATHS = NO;
				CLANG_CXX_LANGUAGE_STANDARD = "gnu++0x";
				CLANG_CXX_LIBRARY = "libc++";
				CLANG_ENABLE_MODULES = YES;
				CLANG_ENABLE_OBJC_ARC = YES;
				CLANG_WARN_BLOCK_CAPTURE_AUTORELEASING = YES;
				CLANG_WARN_BOOL_CONVERSION = YES;
				CLANG_WARN_COMMA = YES;
				CLANG_WARN_CONSTANT_CONVERSION = YES;
				CLANG_WARN_DEPRECATED_OBJC_IMPLEMENTATIONS = YES;
				CLANG_WARN_DIRECT_OBJC_ISA_USAGE = YES_ERROR;
				CLANG_WARN_EMPTY_BODY = YES;
				CLANG_WARN_ENUM_CONVERSION = YES;
				CLANG_WARN_INFINITE_RECURSION = YES;
				CLANG_WARN_INT_CONVERSION = YES;
				CLANG_WARN_NON_LITERAL_NULL_CONVERSION = YES;
				CLANG_WARN_OBJC_IMPLICIT_RETAIN_SELF = YES;
				CLANG_WARN_OBJC_LITERAL_CONVERSION = YES;
				CLANG_WARN_OBJC_ROOT_CLASS = YES_ERROR;
				CLANG_WARN_RANGE_LOOP_ANALYSIS = YES;
				CLANG_WARN_STRICT_PROTOTYPES = YES;
				CLANG_WARN_SUSPICIOUS_MOVE = YES;
				CLANG_WARN_UNREACHABLE_CODE = YES;
				CLANG_WARN__DUPLICATE_METHOD_MATCH = YES;
				"CODE_SIGN_IDENTITY[sdk=iphoneos*]" = "iPhone Developer";
				COPY_PHASE_STRIP = NO;
				ENABLE_STRICT_OBJC_MSGSEND = YES;
				ENABLE_TESTABILITY = YES;
				GCC_C_LANGUAGE_STANDARD = gnu99;
				GCC_DYNAMIC_NO_PIC = NO;
				GCC_NO_COMMON_BLOCKS = YES;
				GCC_OPTIMIZATION_LEVEL = 0;
				GCC_PRECOMPILE_PREFIX_HEADER = YES;
				GCC_PREFIX_HEADER = VZInspector.pch;
				GCC_PREPROCESSOR_DEFINITIONS = (
					"DEBUG=1",
					"$(inherited)",
				);
				GCC_SYMBOLS_PRIVATE_EXTERN = NO;
				GCC_WARN_64_TO_32_BIT_CONVERSION = YES;
				GCC_WARN_ABOUT_RETURN_TYPE = YES_ERROR;
				GCC_WARN_UNDECLARED_SELECTOR = YES;
				GCC_WARN_UNINITIALIZED_AUTOS = YES_AGGRESSIVE;
				GCC_WARN_UNUSED_FUNCTION = YES;
				GCC_WARN_UNUSED_VARIABLE = YES;
				IPHONEOS_DEPLOYMENT_TARGET = 8.0;
				MTL_ENABLE_DEBUG_INFO = YES;
				ONLY_ACTIVE_ARCH = YES;
				OTHER_LDFLAGS = (
					"-ObjC",
					"$(inherited)",
				);
				SDKROOT = iphoneos;
			};
			name = Debug;
		};
		AF0FC52919D11C66009CCBE4 /* Release */ = {
			isa = XCBuildConfiguration;
			buildSettings = {
				ALWAYS_SEARCH_USER_PATHS = NO;
				CLANG_CXX_LANGUAGE_STANDARD = "gnu++0x";
				CLANG_CXX_LIBRARY = "libc++";
				CLANG_ENABLE_MODULES = YES;
				CLANG_ENABLE_OBJC_ARC = YES;
				CLANG_WARN_BLOCK_CAPTURE_AUTORELEASING = YES;
				CLANG_WARN_BOOL_CONVERSION = YES;
				CLANG_WARN_COMMA = YES;
				CLANG_WARN_CONSTANT_CONVERSION = YES;
				CLANG_WARN_DEPRECATED_OBJC_IMPLEMENTATIONS = YES;
				CLANG_WARN_DIRECT_OBJC_ISA_USAGE = YES_ERROR;
				CLANG_WARN_EMPTY_BODY = YES;
				CLANG_WARN_ENUM_CONVERSION = YES;
				CLANG_WARN_INFINITE_RECURSION = YES;
				CLANG_WARN_INT_CONVERSION = YES;
				CLANG_WARN_NON_LITERAL_NULL_CONVERSION = YES;
				CLANG_WARN_OBJC_IMPLICIT_RETAIN_SELF = YES;
				CLANG_WARN_OBJC_LITERAL_CONVERSION = YES;
				CLANG_WARN_OBJC_ROOT_CLASS = YES_ERROR;
				CLANG_WARN_RANGE_LOOP_ANALYSIS = YES;
				CLANG_WARN_STRICT_PROTOTYPES = YES;
				CLANG_WARN_SUSPICIOUS_MOVE = YES;
				CLANG_WARN_UNREACHABLE_CODE = YES;
				CLANG_WARN__DUPLICATE_METHOD_MATCH = YES;
				"CODE_SIGN_IDENTITY[sdk=iphoneos*]" = "iPhone Developer";
				COPY_PHASE_STRIP = YES;
				ENABLE_NS_ASSERTIONS = NO;
				ENABLE_STRICT_OBJC_MSGSEND = YES;
				GCC_C_LANGUAGE_STANDARD = gnu99;
				GCC_NO_COMMON_BLOCKS = YES;
				GCC_PRECOMPILE_PREFIX_HEADER = YES;
				GCC_PREFIX_HEADER = VZInspector.pch;
				GCC_WARN_64_TO_32_BIT_CONVERSION = YES;
				GCC_WARN_ABOUT_RETURN_TYPE = YES_ERROR;
				GCC_WARN_UNDECLARED_SELECTOR = YES;
				GCC_WARN_UNINITIALIZED_AUTOS = YES_AGGRESSIVE;
				GCC_WARN_UNUSED_FUNCTION = YES;
				GCC_WARN_UNUSED_VARIABLE = YES;
				IPHONEOS_DEPLOYMENT_TARGET = 8.0;
				MTL_ENABLE_DEBUG_INFO = NO;
				OTHER_LDFLAGS = (
					"-ObjC",
					"$(inherited)",
				);
				SDKROOT = iphoneos;
				VALIDATE_PRODUCT = YES;
			};
			name = Release;
		};
		AF0FC52B19D11C66009CCBE4 /* Debug */ = {
			isa = XCBuildConfiguration;
			baseConfigurationReference = 05F50B46CABB1623D3DEE617 /* Pods-VZInspector.debug.xcconfig */;
			buildSettings = {
				ASSETCATALOG_COMPILER_APPICON_NAME = AppIcon;
				CLANG_CXX_LANGUAGE_STANDARD = "c++0x";
				CLANG_ENABLE_MODULES = YES;
				GCC_INPUT_FILETYPE = automatic;
				GCC_PRECOMPILE_PREFIX_HEADER = YES;
				INFOPLIST_FILE = VZInspector/Info.plist;
				IPHONEOS_DEPLOYMENT_TARGET = 8.0;
				LD_RUNPATH_SEARCH_PATHS = "$(inherited) @executable_path/Frameworks";
				OTHER_LDFLAGS = "$(inherited)";
				PRODUCT_BUNDLE_IDENTIFIER = "com.visionary.$(PRODUCT_NAME:rfc1034identifier)";
				PRODUCT_NAME = "$(TARGET_NAME)";
				SWIFT_OPTIMIZATION_LEVEL = "-Onone";
			};
			name = Debug;
		};
		AF0FC52C19D11C66009CCBE4 /* Release */ = {
			isa = XCBuildConfiguration;
			baseConfigurationReference = BF1B111F8B0FE7A36EDD9178 /* Pods-VZInspector.release.xcconfig */;
			buildSettings = {
				ASSETCATALOG_COMPILER_APPICON_NAME = AppIcon;
				CLANG_CXX_LANGUAGE_STANDARD = "c++0x";
				CLANG_ENABLE_MODULES = YES;
				GCC_INPUT_FILETYPE = automatic;
				GCC_PRECOMPILE_PREFIX_HEADER = YES;
				INFOPLIST_FILE = VZInspector/Info.plist;
				IPHONEOS_DEPLOYMENT_TARGET = 8.0;
				LD_RUNPATH_SEARCH_PATHS = "$(inherited) @executable_path/Frameworks";
				OTHER_LDFLAGS = "$(inherited)";
				PRODUCT_BUNDLE_IDENTIFIER = "com.visionary.$(PRODUCT_NAME:rfc1034identifier)";
				PRODUCT_NAME = "$(TARGET_NAME)";
			};
			name = Release;
		};
/* End XCBuildConfiguration section */

/* Begin XCConfigurationList section */
		458F32C2214770B5003AA736 /* Build configuration list for PBXNativeTarget "VZInspectorUITests" */ = {
			isa = XCConfigurationList;
			buildConfigurations = (
				458F32C3214770B5003AA736 /* Debug */,
				458F32C4214770B5003AA736 /* Release */,
			);
			defaultConfigurationIsVisible = 0;
			defaultConfigurationName = Release;
		};
		AF0FC50219D11C66009CCBE4 /* Build configuration list for PBXProject "VZInspector" */ = {
			isa = XCConfigurationList;
			buildConfigurations = (
				AF0FC52819D11C66009CCBE4 /* Debug */,
				AF0FC52919D11C66009CCBE4 /* Release */,
			);
			defaultConfigurationIsVisible = 0;
			defaultConfigurationName = Release;
		};
		AF0FC52A19D11C66009CCBE4 /* Build configuration list for PBXNativeTarget "VZInspector" */ = {
			isa = XCConfigurationList;
			buildConfigurations = (
				AF0FC52B19D11C66009CCBE4 /* Debug */,
				AF0FC52C19D11C66009CCBE4 /* Release */,
			);
			defaultConfigurationIsVisible = 0;
			defaultConfigurationName = Release;
		};
/* End XCConfigurationList section */
	};
	rootObject = AF0FC4FF19D11C66009CCBE4 /* Project object */;
}
