// !$*UTF8*$!
{
	archiveVersion = 1;
	classes = {
	};
	objectVersion = 46;
	objects = {

/* Begin PBXBuildFile section */
		AF0FC50D19D11C66009CCBE4 /* main.m in Sources */ = {isa = PBXBuildFile; fileRef = AF0FC50C19D11C66009CCBE4 /* main.m */; };
		AF0FC51019D11C66009CCBE4 /* AppDelegate.m in Sources */ = {isa = PBXBuildFile; fileRef = AF0FC50F19D11C66009CCBE4 /* AppDelegate.m */; };
		AF0FC51319D11C66009CCBE4 /* ViewController.m in Sources */ = {isa = PBXBuildFile; fileRef = AF0FC51219D11C66009CCBE4 /* ViewController.m */; };
		AF0FC51619D11C66009CCBE4 /* Main.storyboard in Resources */ = {isa = PBXBuildFile; fileRef = AF0FC51419D11C66009CCBE4 /* Main.storyboard */; };
		AF0FC51819D11C66009CCBE4 /* Images.xcassets in Resources */ = {isa = PBXBuildFile; fileRef = AF0FC51719D11C66009CCBE4 /* Images.xcassets */; };
		AF0FC51B19D11C66009CCBE4 /* LaunchScreen.xib in Resources */ = {isa = PBXBuildFile; fileRef = AF0FC51919D11C66009CCBE4 /* LaunchScreen.xib */; };
		AF0FC52719D11C66009CCBE4 /* VZInspectorTests.m in Sources */ = {isa = PBXBuildFile; fileRef = AF0FC52619D11C66009CCBE4 /* VZInspectorTests.m */; };
		AFA10F611A261A440071F5A5 /* VZHeapInspector.m in Sources */ = {isa = PBXBuildFile; fileRef = AFA10F601A261A440071F5A5 /* VZHeapInspector.m */; };
		AFA10F721A261C280071F5A5 /* VZInspectorLogView.m in Sources */ = {isa = PBXBuildFile; fileRef = AFA10F711A261C280071F5A5 /* VZInspectorLogView.m */; };
		AFA10F751A261C450071F5A5 /* VZInspectorCrashView.m in Sources */ = {isa = PBXBuildFile; fileRef = AFA10F741A261C450071F5A5 /* VZInspectorCrashView.m */; };
		AFA10F781A261C520071F5A5 /* VZInspectorConsoleView.m in Sources */ = {isa = PBXBuildFile; fileRef = AFA10F771A261C520071F5A5 /* VZInspectorConsoleView.m */; };
		AFA10F7B1A261C670071F5A5 /* VZInspectorGridView.m in Sources */ = {isa = PBXBuildFile; fileRef = AFA10F7A1A261C670071F5A5 /* VZInspectorGridView.m */; };
		AFA10F7E1A261C780071F5A5 /* VZInspectorSettingView.m in Sources */ = {isa = PBXBuildFile; fileRef = AFA10F7D1A261C780071F5A5 /* VZInspectorSettingView.m */; };
		AFA10F831A261D590071F5A5 /* VZInspectorSandBoxRootView.m in Sources */ = {isa = PBXBuildFile; fileRef = AFA10F801A261D590071F5A5 /* VZInspectorSandBoxRootView.m */; };
		AFA10F841A261D590071F5A5 /* VZInspectorSandBoxSubView.m in Sources */ = {isa = PBXBuildFile; fileRef = AFA10F821A261D590071F5A5 /* VZInspectorSandBoxSubView.m */; };
		AFA10F871A261E2B0071F5A5 /* VZInspectorOverview.m in Sources */ = {isa = PBXBuildFile; fileRef = AFA10F861A261E2B0071F5A5 /* VZInspectorOverview.m */; };
		AFA10F8A1A261FA80071F5A5 /* VZInspectorView.m in Sources */ = {isa = PBXBuildFile; fileRef = AFA10F891A261FA80071F5A5 /* VZInspectorView.m */; };
		AFA10F901A270FA60071F5A5 /* VZInspectorHeapView.m in Sources */ = {isa = PBXBuildFile; fileRef = AFA10F8F1A270FA60071F5A5 /* VZInspectorHeapView.m */; };
		AFA10F931A27361A0071F5A5 /* VZMemoryInspector.m in Sources */ = {isa = PBXBuildFile; fileRef = AFA10F921A27361A0071F5A5 /* VZMemoryInspector.m */; };
		AFF5AF8D19D14BA800265FF1 /* NSObject+VZInspector.m in Sources */ = {isa = PBXBuildFile; fileRef = AFF5AF8C19D14BA800265FF1 /* NSObject+VZInspector.m */; };
		AFF5AF9019D14BDB00265FF1 /* UIWindow+VZInspector.m in Sources */ = {isa = PBXBuildFile; fileRef = AFF5AF8F19D14BDB00265FF1 /* UIWindow+VZInspector.m */; };
		AFF5AF9619D14DA800265FF1 /* VZCrashInspector.m in Sources */ = {isa = PBXBuildFile; fileRef = AFF5AF9519D14DA800265FF1 /* VZCrashInspector.m */; };
		AFF5AF9919D14E8D00265FF1 /* VZInspector.m in Sources */ = {isa = PBXBuildFile; fileRef = AFF5AF9819D14E8D00265FF1 /* VZInspector.m */; };
		AFF5AF9C19D14E9B00265FF1 /* VZInspectorOverlay.m in Sources */ = {isa = PBXBuildFile; fileRef = AFF5AF9B19D14E9B00265FF1 /* VZInspectorOverlay.m */; };
		AFF5AF9F19D14EB000265FF1 /* VZInspectorWindow.m in Sources */ = {isa = PBXBuildFile; fileRef = AFF5AF9E19D14EB000265FF1 /* VZInspectorWindow.m */; };
		AFF5AFA219D14F8900265FF1 /* VZInspectController.m in Sources */ = {isa = PBXBuildFile; fileRef = AFF5AFA119D14F8900265FF1 /* VZInspectController.m */; };
		AFF5AFB019D150B500265FF1 /* VZNetworkInspectorOverView.m in Sources */ = {isa = PBXBuildFile; fileRef = AFF5AFAF19D150B500265FF1 /* VZNetworkInspectorOverView.m */; };
		AFF5AFB319D150ED00265FF1 /* VZMemoryInspectorOverView.m in Sources */ = {isa = PBXBuildFile; fileRef = AFF5AFB219D150ED00265FF1 /* VZMemoryInspectorOverView.m */; };
		AFF5AFB619D1513E00265FF1 /* VZInspectorPlotView.m in Sources */ = {isa = PBXBuildFile; fileRef = AFF5AFB519D1513E00265FF1 /* VZInspectorPlotView.m */; };
		AFF5AFB919D1527600265FF1 /* VZNetworkInspector.m in Sources */ = {isa = PBXBuildFile; fileRef = AFF5AFB819D1527600265FF1 /* VZNetworkInspector.m */; };
/* End PBXBuildFile section */

/* Begin PBXContainerItemProxy section */
		AF0FC52119D11C66009CCBE4 /* PBXContainerItemProxy */ = {
			isa = PBXContainerItemProxy;
			containerPortal = AF0FC4FF19D11C66009CCBE4 /* Project object */;
			proxyType = 1;
			remoteGlobalIDString = AF0FC50619D11C66009CCBE4;
			remoteInfo = VZInspector;
		};
/* End PBXContainerItemProxy section */

/* Begin PBXFileReference section */
		AF0FC50719D11C66009CCBE4 /* VZInspector.app */ = {isa = PBXFileReference; explicitFileType = wrapper.application; includeInIndex = 0; path = VZInspector.app; sourceTree = BUILT_PRODUCTS_DIR; };
		AF0FC50B19D11C66009CCBE4 /* Info.plist */ = {isa = PBXFileReference; lastKnownFileType = text.plist.xml; path = Info.plist; sourceTree = "<group>"; };
		AF0FC50C19D11C66009CCBE4 /* main.m */ = {isa = PBXFileReference; lastKnownFileType = sourcecode.c.objc; path = main.m; sourceTree = "<group>"; };
		AF0FC50E19D11C66009CCBE4 /* AppDelegate.h */ = {isa = PBXFileReference; lastKnownFileType = sourcecode.c.h; path = AppDelegate.h; sourceTree = "<group>"; };
		AF0FC50F19D11C66009CCBE4 /* AppDelegate.m */ = {isa = PBXFileReference; lastKnownFileType = sourcecode.c.objc; path = AppDelegate.m; sourceTree = "<group>"; };
		AF0FC51119D11C66009CCBE4 /* ViewController.h */ = {isa = PBXFileReference; lastKnownFileType = sourcecode.c.h; path = ViewController.h; sourceTree = "<group>"; };
		AF0FC51219D11C66009CCBE4 /* ViewController.m */ = {isa = PBXFileReference; lastKnownFileType = sourcecode.c.objc; path = ViewController.m; sourceTree = "<group>"; };
		AF0FC51519D11C66009CCBE4 /* Base */ = {isa = PBXFileReference; lastKnownFileType = file.storyboard; name = Base; path = Base.lproj/Main.storyboard; sourceTree = "<group>"; };
		AF0FC51719D11C66009CCBE4 /* Images.xcassets */ = {isa = PBXFileReference; lastKnownFileType = folder.assetcatalog; path = Images.xcassets; sourceTree = "<group>"; };
		AF0FC51A19D11C66009CCBE4 /* Base */ = {isa = PBXFileReference; lastKnownFileType = file.xib; name = Base; path = Base.lproj/LaunchScreen.xib; sourceTree = "<group>"; };
		AF0FC52019D11C66009CCBE4 /* VZInspectorTests.xctest */ = {isa = PBXFileReference; explicitFileType = wrapper.cfbundle; includeInIndex = 0; path = VZInspectorTests.xctest; sourceTree = BUILT_PRODUCTS_DIR; };
		AF0FC52519D11C66009CCBE4 /* Info.plist */ = {isa = PBXFileReference; lastKnownFileType = text.plist.xml; path = Info.plist; sourceTree = "<group>"; };
		AF0FC52619D11C66009CCBE4 /* VZInspectorTests.m */ = {isa = PBXFileReference; lastKnownFileType = sourcecode.c.objc; path = VZInspectorTests.m; sourceTree = "<group>"; };
		AFA10F5F1A261A440071F5A5 /* VZHeapInspector.h */ = {isa = PBXFileReference; fileEncoding = 4; lastKnownFileType = sourcecode.c.h; path = VZHeapInspector.h; sourceTree = "<group>"; };
		AFA10F601A261A440071F5A5 /* VZHeapInspector.m */ = {isa = PBXFileReference; fileEncoding = 4; lastKnownFileType = sourcecode.c.objc; path = VZHeapInspector.m; sourceTree = "<group>"; };
		AFA10F701A261C280071F5A5 /* VZInspectorLogView.h */ = {isa = PBXFileReference; fileEncoding = 4; lastKnownFileType = sourcecode.c.h; path = VZInspectorLogView.h; sourceTree = "<group>"; };
		AFA10F711A261C280071F5A5 /* VZInspectorLogView.m */ = {isa = PBXFileReference; fileEncoding = 4; lastKnownFileType = sourcecode.c.objc; path = VZInspectorLogView.m; sourceTree = "<group>"; };
		AFA10F731A261C450071F5A5 /* VZInspectorCrashView.h */ = {isa = PBXFileReference; fileEncoding = 4; lastKnownFileType = sourcecode.c.h; path = VZInspectorCrashView.h; sourceTree = "<group>"; };
		AFA10F741A261C450071F5A5 /* VZInspectorCrashView.m */ = {isa = PBXFileReference; fileEncoding = 4; lastKnownFileType = sourcecode.c.objc; path = VZInspectorCrashView.m; sourceTree = "<group>"; };
		AFA10F761A261C520071F5A5 /* VZInspectorConsoleView.h */ = {isa = PBXFileReference; fileEncoding = 4; lastKnownFileType = sourcecode.c.h; path = VZInspectorConsoleView.h; sourceTree = "<group>"; };
		AFA10F771A261C520071F5A5 /* VZInspectorConsoleView.m */ = {isa = PBXFileReference; fileEncoding = 4; lastKnownFileType = sourcecode.c.objc; path = VZInspectorConsoleView.m; sourceTree = "<group>"; };
		AFA10F791A261C670071F5A5 /* VZInspectorGridView.h */ = {isa = PBXFileReference; fileEncoding = 4; lastKnownFileType = sourcecode.c.h; path = VZInspectorGridView.h; sourceTree = "<group>"; };
		AFA10F7A1A261C670071F5A5 /* VZInspectorGridView.m */ = {isa = PBXFileReference; fileEncoding = 4; lastKnownFileType = sourcecode.c.objc; path = VZInspectorGridView.m; sourceTree = "<group>"; };
		AFA10F7C1A261C780071F5A5 /* VZInspectorSettingView.h */ = {isa = PBXFileReference; fileEncoding = 4; lastKnownFileType = sourcecode.c.h; path = VZInspectorSettingView.h; sourceTree = "<group>"; };
		AFA10F7D1A261C780071F5A5 /* VZInspectorSettingView.m */ = {isa = PBXFileReference; fileEncoding = 4; lastKnownFileType = sourcecode.c.objc; path = VZInspectorSettingView.m; sourceTree = "<group>"; };
		AFA10F7F1A261D590071F5A5 /* VZInspectorSandBoxRootView.h */ = {isa = PBXFileReference; fileEncoding = 4; lastKnownFileType = sourcecode.c.h; path = VZInspectorSandBoxRootView.h; sourceTree = "<group>"; };
		AFA10F801A261D590071F5A5 /* VZInspectorSandBoxRootView.m */ = {isa = PBXFileReference; fileEncoding = 4; lastKnownFileType = sourcecode.c.objc; path = VZInspectorSandBoxRootView.m; sourceTree = "<group>"; };
		AFA10F811A261D590071F5A5 /* VZInspectorSandBoxSubView.h */ = {isa = PBXFileReference; fileEncoding = 4; lastKnownFileType = sourcecode.c.h; path = VZInspectorSandBoxSubView.h; sourceTree = "<group>"; };
		AFA10F821A261D590071F5A5 /* VZInspectorSandBoxSubView.m */ = {isa = PBXFileReference; fileEncoding = 4; lastKnownFileType = sourcecode.c.objc; path = VZInspectorSandBoxSubView.m; sourceTree = "<group>"; };
		AFA10F851A261E2B0071F5A5 /* VZInspectorOverview.h */ = {isa = PBXFileReference; fileEncoding = 4; lastKnownFileType = sourcecode.c.h; path = VZInspectorOverview.h; sourceTree = "<group>"; };
		AFA10F861A261E2B0071F5A5 /* VZInspectorOverview.m */ = {isa = PBXFileReference; fileEncoding = 4; lastKnownFileType = sourcecode.c.objc; path = VZInspectorOverview.m; sourceTree = "<group>"; };
		AFA10F881A261FA80071F5A5 /* VZInspectorView.h */ = {isa = PBXFileReference; fileEncoding = 4; lastKnownFileType = sourcecode.c.h; path = VZInspectorView.h; sourceTree = "<group>"; };
		AFA10F891A261FA80071F5A5 /* VZInspectorView.m */ = {isa = PBXFileReference; fileEncoding = 4; lastKnownFileType = sourcecode.c.objc; path = VZInspectorView.m; sourceTree = "<group>"; };
		AFA10F8E1A270FA60071F5A5 /* VZInspectorHeapView.h */ = {isa = PBXFileReference; fileEncoding = 4; lastKnownFileType = sourcecode.c.h; path = VZInspectorHeapView.h; sourceTree = "<group>"; };
		AFA10F8F1A270FA60071F5A5 /* VZInspectorHeapView.m */ = {isa = PBXFileReference; fileEncoding = 4; lastKnownFileType = sourcecode.c.objc; path = VZInspectorHeapView.m; sourceTree = "<group>"; };
		AFA10F911A27361A0071F5A5 /* VZMemoryInspector.h */ = {isa = PBXFileReference; fileEncoding = 4; lastKnownFileType = sourcecode.c.h; path = VZMemoryInspector.h; sourceTree = "<group>"; };
		AFA10F921A27361A0071F5A5 /* VZMemoryInspector.m */ = {isa = PBXFileReference; fileEncoding = 4; lastKnownFileType = sourcecode.c.objc; path = VZMemoryInspector.m; sourceTree = "<group>"; };
		AFF5AF8B19D14BA800265FF1 /* NSObject+VZInspector.h */ = {isa = PBXFileReference; fileEncoding = 4; lastKnownFileType = sourcecode.c.h; path = "NSObject+VZInspector.h"; sourceTree = "<group>"; };
		AFF5AF8C19D14BA800265FF1 /* NSObject+VZInspector.m */ = {isa = PBXFileReference; fileEncoding = 4; lastKnownFileType = sourcecode.c.objc; path = "NSObject+VZInspector.m"; sourceTree = "<group>"; };
		AFF5AF8E19D14BDB00265FF1 /* UIWindow+VZInspector.h */ = {isa = PBXFileReference; fileEncoding = 4; lastKnownFileType = sourcecode.c.h; path = "UIWindow+VZInspector.h"; sourceTree = "<group>"; };
		AFF5AF8F19D14BDB00265FF1 /* UIWindow+VZInspector.m */ = {isa = PBXFileReference; fileEncoding = 4; lastKnownFileType = sourcecode.c.objc; path = "UIWindow+VZInspector.m"; sourceTree = "<group>"; };
		AFF5AF9419D14DA800265FF1 /* VZCrashInspector.h */ = {isa = PBXFileReference; fileEncoding = 4; lastKnownFileType = sourcecode.c.h; path = VZCrashInspector.h; sourceTree = "<group>"; };
		AFF5AF9519D14DA800265FF1 /* VZCrashInspector.m */ = {isa = PBXFileReference; fileEncoding = 4; lastKnownFileType = sourcecode.c.objc; path = VZCrashInspector.m; sourceTree = "<group>"; };
		AFF5AF9719D14E8D00265FF1 /* VZInspector.h */ = {isa = PBXFileReference; fileEncoding = 4; lastKnownFileType = sourcecode.c.h; path = VZInspector.h; sourceTree = "<group>"; };
		AFF5AF9819D14E8D00265FF1 /* VZInspector.m */ = {isa = PBXFileReference; fileEncoding = 4; lastKnownFileType = sourcecode.c.objc; path = VZInspector.m; sourceTree = "<group>"; };
		AFF5AF9A19D14E9B00265FF1 /* VZInspectorOverlay.h */ = {isa = PBXFileReference; fileEncoding = 4; lastKnownFileType = sourcecode.c.h; path = VZInspectorOverlay.h; sourceTree = "<group>"; };
		AFF5AF9B19D14E9B00265FF1 /* VZInspectorOverlay.m */ = {isa = PBXFileReference; fileEncoding = 4; lastKnownFileType = sourcecode.c.objc; path = VZInspectorOverlay.m; sourceTree = "<group>"; };
		AFF5AF9D19D14EB000265FF1 /* VZInspectorWindow.h */ = {isa = PBXFileReference; fileEncoding = 4; lastKnownFileType = sourcecode.c.h; path = VZInspectorWindow.h; sourceTree = "<group>"; };
		AFF5AF9E19D14EB000265FF1 /* VZInspectorWindow.m */ = {isa = PBXFileReference; fileEncoding = 4; lastKnownFileType = sourcecode.c.objc; path = VZInspectorWindow.m; sourceTree = "<group>"; };
		AFF5AFA019D14F8900265FF1 /* VZInspectController.h */ = {isa = PBXFileReference; fileEncoding = 4; lastKnownFileType = sourcecode.c.h; path = VZInspectController.h; sourceTree = "<group>"; };
		AFF5AFA119D14F8900265FF1 /* VZInspectController.m */ = {isa = PBXFileReference; fileEncoding = 4; lastKnownFileType = sourcecode.c.objc; path = VZInspectController.m; sourceTree = "<group>"; };
		AFF5AFAE19D150B500265FF1 /* VZNetworkInspectorOverView.h */ = {isa = PBXFileReference; fileEncoding = 4; lastKnownFileType = sourcecode.c.h; path = VZNetworkInspectorOverView.h; sourceTree = "<group>"; };
		AFF5AFAF19D150B500265FF1 /* VZNetworkInspectorOverView.m */ = {isa = PBXFileReference; fileEncoding = 4; lastKnownFileType = sourcecode.c.objc; path = VZNetworkInspectorOverView.m; sourceTree = "<group>"; };
		AFF5AFB119D150ED00265FF1 /* VZMemoryInspectorOverView.h */ = {isa = PBXFileReference; fileEncoding = 4; lastKnownFileType = sourcecode.c.h; path = VZMemoryInspectorOverView.h; sourceTree = "<group>"; };
		AFF5AFB219D150ED00265FF1 /* VZMemoryInspectorOverView.m */ = {isa = PBXFileReference; fileEncoding = 4; lastKnownFileType = sourcecode.c.objc; path = VZMemoryInspectorOverView.m; sourceTree = "<group>"; };
		AFF5AFB419D1513E00265FF1 /* VZInspectorPlotView.h */ = {isa = PBXFileReference; fileEncoding = 4; lastKnownFileType = sourcecode.c.h; path = VZInspectorPlotView.h; sourceTree = "<group>"; };
		AFF5AFB519D1513E00265FF1 /* VZInspectorPlotView.m */ = {isa = PBXFileReference; fileEncoding = 4; lastKnownFileType = sourcecode.c.objc; path = VZInspectorPlotView.m; sourceTree = "<group>"; };
		AFF5AFB719D1527600265FF1 /* VZNetworkInspector.h */ = {isa = PBXFileReference; fileEncoding = 4; lastKnownFileType = sourcecode.c.h; path = VZNetworkInspector.h; sourceTree = "<group>"; };
		AFF5AFB819D1527600265FF1 /* VZNetworkInspector.m */ = {isa = PBXFileReference; fileEncoding = 4; lastKnownFileType = sourcecode.c.objc; path = VZNetworkInspector.m; sourceTree = "<group>"; };
/* End PBXFileReference section */

/* Begin PBXFrameworksBuildPhase section */
		AF0FC50419D11C66009CCBE4 /* Frameworks */ = {
			isa = PBXFrameworksBuildPhase;
			buildActionMask = 2147483647;
			files = (
			);
			runOnlyForDeploymentPostprocessing = 0;
		};
		AF0FC51D19D11C66009CCBE4 /* Frameworks */ = {
			isa = PBXFrameworksBuildPhase;
			buildActionMask = 2147483647;
			files = (
			);
			runOnlyForDeploymentPostprocessing = 0;
		};
/* End PBXFrameworksBuildPhase section */

/* Begin PBXGroup section */
		AF0FC4FE19D11C66009CCBE4 = {
			isa = PBXGroup;
			children = (
				AF0FC50919D11C66009CCBE4 /* VZInspector */,
				AF0FC52319D11C66009CCBE4 /* VZInspectorTests */,
				AF0FC50819D11C66009CCBE4 /* Products */,
			);
			sourceTree = "<group>";
		};
		AF0FC50819D11C66009CCBE4 /* Products */ = {
			isa = PBXGroup;
			children = (
				AF0FC50719D11C66009CCBE4 /* VZInspector.app */,
				AF0FC52019D11C66009CCBE4 /* VZInspectorTests.xctest */,
			);
			name = Products;
			sourceTree = "<group>";
		};
		AF0FC50919D11C66009CCBE4 /* VZInspector */ = {
			isa = PBXGroup;
			children = (
				AFF5AF8319D14AC900265FF1 /* VZInspector */,
				AF0FC50E19D11C66009CCBE4 /* AppDelegate.h */,
				AF0FC50F19D11C66009CCBE4 /* AppDelegate.m */,
				AF0FC51119D11C66009CCBE4 /* ViewController.h */,
				AF0FC51219D11C66009CCBE4 /* ViewController.m */,
				AF0FC51419D11C66009CCBE4 /* Main.storyboard */,
				AF0FC51719D11C66009CCBE4 /* Images.xcassets */,
				AF0FC51919D11C66009CCBE4 /* LaunchScreen.xib */,
				AF0FC50A19D11C66009CCBE4 /* Supporting Files */,
			);
			path = VZInspector;
			sourceTree = "<group>";
		};
		AF0FC50A19D11C66009CCBE4 /* Supporting Files */ = {
			isa = PBXGroup;
			children = (
				AF0FC50B19D11C66009CCBE4 /* Info.plist */,
				AF0FC50C19D11C66009CCBE4 /* main.m */,
			);
			name = "Supporting Files";
			sourceTree = "<group>";
		};
		AF0FC52319D11C66009CCBE4 /* VZInspectorTests */ = {
			isa = PBXGroup;
			children = (
				AF0FC52619D11C66009CCBE4 /* VZInspectorTests.m */,
				AF0FC52419D11C66009CCBE4 /* Supporting Files */,
			);
			path = VZInspectorTests;
			sourceTree = "<group>";
		};
		AF0FC52419D11C66009CCBE4 /* Supporting Files */ = {
			isa = PBXGroup;
			children = (
				AF0FC52519D11C66009CCBE4 /* Info.plist */,
			);
			name = "Supporting Files";
			sourceTree = "<group>";
		};
		AFA10F631A261A7A0071F5A5 /* sandbox */ = {
			isa = PBXGroup;
			children = (
				AFA10F7F1A261D590071F5A5 /* VZInspectorSandBoxRootView.h */,
				AFA10F801A261D590071F5A5 /* VZInspectorSandBoxRootView.m */,
				AFA10F811A261D590071F5A5 /* VZInspectorSandBoxSubView.h */,
				AFA10F821A261D590071F5A5 /* VZInspectorSandBoxSubView.m */,
			);
			path = sandbox;
			sourceTree = "<group>";
		};
		AFA10F8D1A270F920071F5A5 /* heap */ = {
			isa = PBXGroup;
			children = (
				AFA10F8E1A270FA60071F5A5 /* VZInspectorHeapView.h */,
				AFA10F8F1A270FA60071F5A5 /* VZInspectorHeapView.m */,
			);
			path = heap;
			sourceTree = "<group>";
		};
		AFF5AF8319D14AC900265FF1 /* VZInspector */ = {
			isa = PBXGroup;
			children = (
				AFF5AF8719D14B5B00265FF1 /* controller */,
				AFF5AF8819D14B5B00265FF1 /* monitor */,
				AFF5AF8919D14B5B00265FF1 /* tool */,
				AFF5AF8A19D14B5B00265FF1 /* view */,
				AFF5AF9719D14E8D00265FF1 /* VZInspector.h */,
				AFF5AF9819D14E8D00265FF1 /* VZInspector.m */,
				AFF5AF9A19D14E9B00265FF1 /* VZInspectorOverlay.h */,
				AFF5AF9B19D14E9B00265FF1 /* VZInspectorOverlay.m */,
				AFF5AF9D19D14EB000265FF1 /* VZInspectorWindow.h */,
				AFF5AF9E19D14EB000265FF1 /* VZInspectorWindow.m */,
			);
			path = VZInspector;
			sourceTree = "<group>";
		};
		AFF5AF8719D14B5B00265FF1 /* controller */ = {
			isa = PBXGroup;
			children = (
				AFF5AFA019D14F8900265FF1 /* VZInspectController.h */,
				AFF5AFA119D14F8900265FF1 /* VZInspectController.m */,
			);
			path = controller;
			sourceTree = "<group>";
		};
		AFF5AF8819D14B5B00265FF1 /* monitor */ = {
			isa = PBXGroup;
			children = (
				AFA10F911A27361A0071F5A5 /* VZMemoryInspector.h */,
				AFA10F921A27361A0071F5A5 /* VZMemoryInspector.m */,
				AFF5AF9419D14DA800265FF1 /* VZCrashInspector.h */,
				AFF5AF9519D14DA800265FF1 /* VZCrashInspector.m */,
				AFF5AFB719D1527600265FF1 /* VZNetworkInspector.h */,
				AFF5AFB819D1527600265FF1 /* VZNetworkInspector.m */,
				AFA10F5F1A261A440071F5A5 /* VZHeapInspector.h */,
				AFA10F601A261A440071F5A5 /* VZHeapInspector.m */,
			);
			path = monitor;
			sourceTree = "<group>";
		};
		AFF5AF8919D14B5B00265FF1 /* tool */ = {
			isa = PBXGroup;
			children = (
				AFF5AF8B19D14BA800265FF1 /* NSObject+VZInspector.h */,
				AFF5AF8C19D14BA800265FF1 /* NSObject+VZInspector.m */,
				AFF5AF8E19D14BDB00265FF1 /* UIWindow+VZInspector.h */,
				AFF5AF8F19D14BDB00265FF1 /* UIWindow+VZInspector.m */,
				AFF5AFB419D1513E00265FF1 /* VZInspectorPlotView.h */,
				AFF5AFB519D1513E00265FF1 /* VZInspectorPlotView.m */,
			);
			path = tool;
			sourceTree = "<group>";
		};
		AFF5AF8A19D14B5B00265FF1 /* view */ = {
			isa = PBXGroup;
			children = (
				AFA10F881A261FA80071F5A5 /* VZInspectorView.h */,
				AFA10F891A261FA80071F5A5 /* VZInspectorView.m */,
				AFA10F8D1A270F920071F5A5 /* heap */,
				AFA10F631A261A7A0071F5A5 /* sandbox */,
				AFF5AFA319D1501C00265FF1 /* console */,
				AFF5AFA419D1501C00265FF1 /* crash */,
				AFF5AFA619D1501C00265FF1 /* grid */,
				AFF5AFA719D1501C00265FF1 /* log */,
				AFF5AFA819D1501C00265FF1 /* overview */,
				AFF5AFA919D1501C00265FF1 /* settings */,
				AFF5AFAA19D1501C00265FF1 /* touch */,
			);
			path = view;
			sourceTree = "<group>";
		};
		AFF5AFA319D1501C00265FF1 /* console */ = {
			isa = PBXGroup;
			children = (
				AFA10F761A261C520071F5A5 /* VZInspectorConsoleView.h */,
				AFA10F771A261C520071F5A5 /* VZInspectorConsoleView.m */,
			);
			path = console;
			sourceTree = "<group>";
		};
		AFF5AFA419D1501C00265FF1 /* crash */ = {
			isa = PBXGroup;
			children = (
				AFA10F731A261C450071F5A5 /* VZInspectorCrashView.h */,
				AFA10F741A261C450071F5A5 /* VZInspectorCrashView.m */,
			);
			path = crash;
			sourceTree = "<group>";
		};
		AFF5AFA619D1501C00265FF1 /* grid */ = {
			isa = PBXGroup;
			children = (
				AFA10F791A261C670071F5A5 /* VZInspectorGridView.h */,
				AFA10F7A1A261C670071F5A5 /* VZInspectorGridView.m */,
			);
			path = grid;
			sourceTree = "<group>";
		};
		AFF5AFA719D1501C00265FF1 /* log */ = {
			isa = PBXGroup;
			children = (
				AFA10F701A261C280071F5A5 /* VZInspectorLogView.h */,
				AFA10F711A261C280071F5A5 /* VZInspectorLogView.m */,
			);
			path = log;
			sourceTree = "<group>";
		};
		AFF5AFA819D1501C00265FF1 /* overview */ = {
			isa = PBXGroup;
			children = (
				AFF5AFAE19D150B500265FF1 /* VZNetworkInspectorOverView.h */,
				AFF5AFAF19D150B500265FF1 /* VZNetworkInspectorOverView.m */,
				AFF5AFB119D150ED00265FF1 /* VZMemoryInspectorOverView.h */,
				AFF5AFB219D150ED00265FF1 /* VZMemoryInspectorOverView.m */,
				AFA10F851A261E2B0071F5A5 /* VZInspectorOverview.h */,
				AFA10F861A261E2B0071F5A5 /* VZInspectorOverview.m */,
			);
			path = overview;
			sourceTree = "<group>";
		};
		AFF5AFA919D1501C00265FF1 /* settings */ = {
			isa = PBXGroup;
			children = (
				AFA10F7C1A261C780071F5A5 /* VZInspectorSettingView.h */,
				AFA10F7D1A261C780071F5A5 /* VZInspectorSettingView.m */,
			);
			path = settings;
			sourceTree = "<group>";
		};
		AFF5AFAA19D1501C00265FF1 /* touch */ = {
			isa = PBXGroup;
			children = (
			);
			path = touch;
			sourceTree = "<group>";
		};
/* End PBXGroup section */

/* Begin PBXNativeTarget section */
		AF0FC50619D11C66009CCBE4 /* VZInspector */ = {
			isa = PBXNativeTarget;
			buildConfigurationList = AF0FC52A19D11C66009CCBE4 /* Build configuration list for PBXNativeTarget "VZInspector" */;
			buildPhases = (
				AF0FC50319D11C66009CCBE4 /* Sources */,
				AF0FC50419D11C66009CCBE4 /* Frameworks */,
				AF0FC50519D11C66009CCBE4 /* Resources */,
			);
			buildRules = (
			);
			dependencies = (
			);
			name = VZInspector;
			productName = VZInspector;
			productReference = AF0FC50719D11C66009CCBE4 /* VZInspector.app */;
			productType = "com.apple.product-type.application";
		};
		AF0FC51F19D11C66009CCBE4 /* VZInspectorTests */ = {
			isa = PBXNativeTarget;
			buildConfigurationList = AF0FC52D19D11C66009CCBE4 /* Build configuration list for PBXNativeTarget "VZInspectorTests" */;
			buildPhases = (
				AF0FC51C19D11C66009CCBE4 /* Sources */,
				AF0FC51D19D11C66009CCBE4 /* Frameworks */,
				AF0FC51E19D11C66009CCBE4 /* Resources */,
			);
			buildRules = (
			);
			dependencies = (
				AF0FC52219D11C66009CCBE4 /* PBXTargetDependency */,
			);
			name = VZInspectorTests;
			productName = VZInspectorTests;
			productReference = AF0FC52019D11C66009CCBE4 /* VZInspectorTests.xctest */;
			productType = "com.apple.product-type.bundle.unit-test";
		};
/* End PBXNativeTarget section */

/* Begin PBXProject section */
		AF0FC4FF19D11C66009CCBE4 /* Project object */ = {
			isa = PBXProject;
			attributes = {
				LastUpgradeCheck = 0600;
				ORGANIZATIONNAME = VizLabe;
				TargetAttributes = {
					AF0FC50619D11C66009CCBE4 = {
						CreatedOnToolsVersion = 6.0.1;
					};
					AF0FC51F19D11C66009CCBE4 = {
						CreatedOnToolsVersion = 6.0.1;
						TestTargetID = AF0FC50619D11C66009CCBE4;
					};
				};
			};
			buildConfigurationList = AF0FC50219D11C66009CCBE4 /* Build configuration list for PBXProject "VZInspector" */;
			compatibilityVersion = "Xcode 3.2";
			developmentRegion = English;
			hasScannedForEncodings = 0;
			knownRegions = (
				en,
				Base,
			);
			mainGroup = AF0FC4FE19D11C66009CCBE4;
			productRefGroup = AF0FC50819D11C66009CCBE4 /* Products */;
			projectDirPath = "";
			projectRoot = "";
			targets = (
				AF0FC50619D11C66009CCBE4 /* VZInspector */,
				AF0FC51F19D11C66009CCBE4 /* VZInspectorTests */,
			);
		};
/* End PBXProject section */

/* Begin PBXResourcesBuildPhase section */
		AF0FC50519D11C66009CCBE4 /* Resources */ = {
			isa = PBXResourcesBuildPhase;
			buildActionMask = 2147483647;
			files = (
				AF0FC51619D11C66009CCBE4 /* Main.storyboard in Resources */,
				AF0FC51B19D11C66009CCBE4 /* LaunchScreen.xib in Resources */,
				AF0FC51819D11C66009CCBE4 /* Images.xcassets in Resources */,
			);
			runOnlyForDeploymentPostprocessing = 0;
		};
		AF0FC51E19D11C66009CCBE4 /* Resources */ = {
			isa = PBXResourcesBuildPhase;
			buildActionMask = 2147483647;
			files = (
			);
			runOnlyForDeploymentPostprocessing = 0;
		};
/* End PBXResourcesBuildPhase section */

/* Begin PBXSourcesBuildPhase section */
		AF0FC50319D11C66009CCBE4 /* Sources */ = {
			isa = PBXSourcesBuildPhase;
			buildActionMask = 2147483647;
			files = (
				AFF5AFB919D1527600265FF1 /* VZNetworkInspector.m in Sources */,
				AFA10F781A261C520071F5A5 /* VZInspectorConsoleView.m in Sources */,
				AFF5AFB019D150B500265FF1 /* VZNetworkInspectorOverView.m in Sources */,
				AFF5AFB319D150ED00265FF1 /* VZMemoryInspectorOverView.m in Sources */,
				AFA10F721A261C280071F5A5 /* VZInspectorLogView.m in Sources */,
				AFF5AF9019D14BDB00265FF1 /* UIWindow+VZInspector.m in Sources */,
				AFF5AF9F19D14EB000265FF1 /* VZInspectorWindow.m in Sources */,
				AF0FC51319D11C66009CCBE4 /* ViewController.m in Sources */,
				AFA10F901A270FA60071F5A5 /* VZInspectorHeapView.m in Sources */,
				AFF5AF9C19D14E9B00265FF1 /* VZInspectorOverlay.m in Sources */,
				AF0FC51019D11C66009CCBE4 /* AppDelegate.m in Sources */,
				AFF5AFA219D14F8900265FF1 /* VZInspectController.m in Sources */,
				AF0FC50D19D11C66009CCBE4 /* main.m in Sources */,
				AFA10F751A261C450071F5A5 /* VZInspectorCrashView.m in Sources */,
				AFF5AFB619D1513E00265FF1 /* VZInspectorPlotView.m in Sources */,
				AFA10F7B1A261C670071F5A5 /* VZInspectorGridView.m in Sources */,
				AFA10F7E1A261C780071F5A5 /* VZInspectorSettingView.m in Sources */,
				AFF5AF8D19D14BA800265FF1 /* NSObject+VZInspector.m in Sources */,
				AFA10F931A27361A0071F5A5 /* VZMemoryInspector.m in Sources */,
				AFA10F841A261D590071F5A5 /* VZInspectorSandBoxSubView.m in Sources */,
				AFA10F611A261A440071F5A5 /* VZHeapInspector.m in Sources */,
				AFF5AF9619D14DA800265FF1 /* VZCrashInspector.m in Sources */,
				AFA10F831A261D590071F5A5 /* VZInspectorSandBoxRootView.m in Sources */,
				AFA10F8A1A261FA80071F5A5 /* VZInspectorView.m in Sources */,
				AFA10F871A261E2B0071F5A5 /* VZInspectorOverview.m in Sources */,
				AFF5AF9919D14E8D00265FF1 /* VZInspector.m in Sources */,
			);
			runOnlyForDeploymentPostprocessing = 0;
		};
		AF0FC51C19D11C66009CCBE4 /* Sources */ = {
			isa = PBXSourcesBuildPhase;
			buildActionMask = 2147483647;
			files = (
				AF0FC52719D11C66009CCBE4 /* VZInspectorTests.m in Sources */,
			);
			runOnlyForDeploymentPostprocessing = 0;
		};
/* End PBXSourcesBuildPhase section */

/* Begin PBXTargetDependency section */
		AF0FC52219D11C66009CCBE4 /* PBXTargetDependency */ = {
			isa = PBXTargetDependency;
			target = AF0FC50619D11C66009CCBE4 /* VZInspector */;
			targetProxy = AF0FC52119D11C66009CCBE4 /* PBXContainerItemProxy */;
		};
/* End PBXTargetDependency section */

/* Begin PBXVariantGroup section */
		AF0FC51419D11C66009CCBE4 /* Main.storyboard */ = {
			isa = PBXVariantGroup;
			children = (
				AF0FC51519D11C66009CCBE4 /* Base */,
			);
			name = Main.storyboard;
			sourceTree = "<group>";
		};
		AF0FC51919D11C66009CCBE4 /* LaunchScreen.xib */ = {
			isa = PBXVariantGroup;
			children = (
				AF0FC51A19D11C66009CCBE4 /* Base */,
			);
			name = LaunchScreen.xib;
			sourceTree = "<group>";
		};
/* End PBXVariantGroup section */

/* Begin XCBuildConfiguration section */
		AF0FC52819D11C66009CCBE4 /* Debug */ = {
			isa = XCBuildConfiguration;
			buildSettings = {
				ALWAYS_SEARCH_USER_PATHS = NO;
				CLANG_CXX_LANGUAGE_STANDARD = "gnu++0x";
				CLANG_CXX_LIBRARY = "libc++";
				CLANG_ENABLE_MODULES = YES;
				CLANG_ENABLE_OBJC_ARC = YES;
				CLANG_WARN_BOOL_CONVERSION = YES;
				CLANG_WARN_CONSTANT_CONVERSION = YES;
				CLANG_WARN_DIRECT_OBJC_ISA_USAGE = YES_ERROR;
				CLANG_WARN_EMPTY_BODY = YES;
				CLANG_WARN_ENUM_CONVERSION = YES;
				CLANG_WARN_INT_CONVERSION = YES;
				CLANG_WARN_OBJC_ROOT_CLASS = YES_ERROR;
				CLANG_WARN_UNREACHABLE_CODE = YES;
				CLANG_WARN__DUPLICATE_METHOD_MATCH = YES;
				"CODE_SIGN_IDENTITY[sdk=iphoneos*]" = "iPhone Developer";
				COPY_PHASE_STRIP = NO;
				ENABLE_STRICT_OBJC_MSGSEND = YES;
				GCC_C_LANGUAGE_STANDARD = gnu99;
				GCC_DYNAMIC_NO_PIC = NO;
				GCC_OPTIMIZATION_LEVEL = 0;
				GCC_PREPROCESSOR_DEFINITIONS = (
					"DEBUG=1",
					"$(inherited)",
				);
				GCC_SYMBOLS_PRIVATE_EXTERN = NO;
				GCC_WARN_64_TO_32_BIT_CONVERSION = YES;
				GCC_WARN_ABOUT_RETURN_TYPE = YES_ERROR;
				GCC_WARN_UNDECLARED_SELECTOR = YES;
				GCC_WARN_UNINITIALIZED_AUTOS = YES_AGGRESSIVE;
				GCC_WARN_UNUSED_FUNCTION = YES;
				GCC_WARN_UNUSED_VARIABLE = YES;
				IPHONEOS_DEPLOYMENT_TARGET = 8.0;
				MTL_ENABLE_DEBUG_INFO = YES;
				ONLY_ACTIVE_ARCH = YES;
				SDKROOT = iphoneos;
			};
			name = Debug;
		};
		AF0FC52919D11C66009CCBE4 /* Release */ = {
			isa = XCBuildConfiguration;
			buildSettings = {
				ALWAYS_SEARCH_USER_PATHS = NO;
				CLANG_CXX_LANGUAGE_STANDARD = "gnu++0x";
				CLANG_CXX_LIBRARY = "libc++";
				CLANG_ENABLE_MODULES = YES;
				CLANG_ENABLE_OBJC_ARC = YES;
				CLANG_WARN_BOOL_CONVERSION = YES;
				CLANG_WARN_CONSTANT_CONVERSION = YES;
				CLANG_WARN_DIRECT_OBJC_ISA_USAGE = YES_ERROR;
				CLANG_WARN_EMPTY_BODY = YES;
				CLANG_WARN_ENUM_CONVERSION = YES;
				CLANG_WARN_INT_CONVERSION = YES;
				CLANG_WARN_OBJC_ROOT_CLASS = YES_ERROR;
				CLANG_WARN_UNREACHABLE_CODE = YES;
				CLANG_WARN__DUPLICATE_METHOD_MATCH = YES;
				"CODE_SIGN_IDENTITY[sdk=iphoneos*]" = "iPhone Developer";
				COPY_PHASE_STRIP = YES;
				ENABLE_NS_ASSERTIONS = NO;
				ENABLE_STRICT_OBJC_MSGSEND = YES;
				GCC_C_LANGUAGE_STANDARD = gnu99;
				GCC_WARN_64_TO_32_BIT_CONVERSION = YES;
				GCC_WARN_ABOUT_RETURN_TYPE = YES_ERROR;
				GCC_WARN_UNDECLARED_SELECTOR = YES;
				GCC_WARN_UNINITIALIZED_AUTOS = YES_AGGRESSIVE;
				GCC_WARN_UNUSED_FUNCTION = YES;
				GCC_WARN_UNUSED_VARIABLE = YES;
				IPHONEOS_DEPLOYMENT_TARGET = 8.0;
				MTL_ENABLE_DEBUG_INFO = NO;
				SDKROOT = iphoneos;
				VALIDATE_PRODUCT = YES;
			};
			name = Release;
		};
		AF0FC52B19D11C66009CCBE4 /* Debug */ = {
			isa = XCBuildConfiguration;
			buildSettings = {
				ASSETCATALOG_COMPILER_APPICON_NAME = AppIcon;
				INFOPLIST_FILE = VZInspector/Info.plist;
				LD_RUNPATH_SEARCH_PATHS = "$(inherited) @executable_path/Frameworks";
				PRODUCT_NAME = "$(TARGET_NAME)";
			};
			name = Debug;
		};
		AF0FC52C19D11C66009CCBE4 /* Release */ = {
			isa = XCBuildConfiguration;
			buildSettings = {
				ASSETCATALOG_COMPILER_APPICON_NAME = AppIcon;
				INFOPLIST_FILE = VZInspector/Info.plist;
				LD_RUNPATH_SEARCH_PATHS = "$(inherited) @executable_path/Frameworks";
				PRODUCT_NAME = "$(TARGET_NAME)";
			};
			name = Release;
		};
		AF0FC52E19D11C66009CCBE4 /* Debug */ = {
			isa = XCBuildConfiguration;
			buildSettings = {
				BUNDLE_LOADER = "$(TEST_HOST)";
				FRAMEWORK_SEARCH_PATHS = (
					"$(SDKROOT)/Developer/Library/Frameworks",
					"$(inherited)",
				);
				GCC_PREPROCESSOR_DEFINITIONS = (
					"DEBUG=1",
					"$(inherited)",
				);
				INFOPLIST_FILE = VZInspectorTests/Info.plist;
				LD_RUNPATH_SEARCH_PATHS = "$(inherited) @executable_path/Frameworks @loader_path/Frameworks";
				PRODUCT_NAME = "$(TARGET_NAME)";
				TEST_HOST = "$(BUILT_PRODUCTS_DIR)/VZInspector.app/VZInspector";
			};
			name = Debug;
		};
		AF0FC52F19D11C66009CCBE4 /* Release */ = {
			isa = XCBuildConfiguration;
			buildSettings = {
				BUNDLE_LOADER = "$(TEST_HOST)";
				FRAMEWORK_SEARCH_PATHS = (
					"$(SDKROOT)/Developer/Library/Frameworks",
					"$(inherited)",
				);
				INFOPLIST_FILE = VZInspectorTests/Info.plist;
				LD_RUNPATH_SEARCH_PATHS = "$(inherited) @executable_path/Frameworks @loader_path/Frameworks";
				PRODUCT_NAME = "$(TARGET_NAME)";
				TEST_HOST = "$(BUILT_PRODUCTS_DIR)/VZInspector.app/VZInspector";
			};
			name = Release;
		};
/* End XCBuildConfiguration section */

/* Begin XCConfigurationList section */
		AF0FC50219D11C66009CCBE4 /* Build configuration list for PBXProject "VZInspector" */ = {
			isa = XCConfigurationList;
			buildConfigurations = (
				AF0FC52819D11C66009CCBE4 /* Debug */,
				AF0FC52919D11C66009CCBE4 /* Release */,
			);
			defaultConfigurationIsVisible = 0;
			defaultConfigurationName = Release;
		};
		AF0FC52A19D11C66009CCBE4 /* Build configuration list for PBXNativeTarget "VZInspector" */ = {
			isa = XCConfigurationList;
			buildConfigurations = (
				AF0FC52B19D11C66009CCBE4 /* Debug */,
				AF0FC52C19D11C66009CCBE4 /* Release */,
			);
			defaultConfigurationIsVisible = 0;
			defaultConfigurationName = Release;
		};
		AF0FC52D19D11C66009CCBE4 /* Build configuration list for PBXNativeTarget "VZInspectorTests" */ = {
			isa = XCConfigurationList;
			buildConfigurations = (
				AF0FC52E19D11C66009CCBE4 /* Debug */,
				AF0FC52F19D11C66009CCBE4 /* Release */,
			);
			defaultConfigurationIsVisible = 0;
			defaultConfigurationName = Release;
		};
/* End XCConfigurationList section */
	};
	rootObject = AF0FC4FF19D11C66009CCBE4 /* Project object */;
}
